// !$*UTF8*$!
{
	archiveVersion = 1;
	classes = {
	};
	objectVersion = 46;
	objects = {

/* Begin PBXBuildFile section */
		1FE2610B1F4C2DB700DBFB99 /* AppDelegate.swift in Sources */ = {isa = PBXBuildFile; fileRef = 1FE2610A1F4C2DB700DBFB99 /* AppDelegate.swift */; };
		1FE2610D1F4C2DB700DBFB99 /* ViewController.swift in Sources */ = {isa = PBXBuildFile; fileRef = 1FE2610C1F4C2DB700DBFB99 /* ViewController.swift */; };
		1FE261101F4C2DB700DBFB99 /* Main.storyboard in Resources */ = {isa = PBXBuildFile; fileRef = 1FE2610E1F4C2DB700DBFB99 /* Main.storyboard */; };
		1FE261121F4C2DB700DBFB99 /* Assets.xcassets in Resources */ = {isa = PBXBuildFile; fileRef = 1FE261111F4C2DB700DBFB99 /* Assets.xcassets */; };
		1FE261151F4C2DB700DBFB99 /* LaunchScreen.storyboard in Resources */ = {isa = PBXBuildFile; fileRef = 1FE261131F4C2DB700DBFB99 /* LaunchScreen.storyboard */; };
		1FE261201F4C2DB700DBFB99 /* DiffGameTests.swift in Sources */ = {isa = PBXBuildFile; fileRef = 1FE2611F1F4C2DB700DBFB99 /* DiffGameTests.swift */; };
		1FE2612B1F4C2DB700DBFB99 /* DiffGameUITests.swift in Sources */ = {isa = PBXBuildFile; fileRef = 1FE2612A1F4C2DB700DBFB99 /* DiffGameUITests.swift */; };
/* End PBXBuildFile section */

/* Begin PBXContainerItemProxy section */
		1FE2611C1F4C2DB700DBFB99 /* PBXContainerItemProxy */ = {
			isa = PBXContainerItemProxy;
			containerPortal = 1FE260FF1F4C2DB700DBFB99 /* Project object */;
			proxyType = 1;
			remoteGlobalIDString = 1FE261061F4C2DB700DBFB99;
			remoteInfo = DiffGame;
		};
		1FE261271F4C2DB700DBFB99 /* PBXContainerItemProxy */ = {
			isa = PBXContainerItemProxy;
			containerPortal = 1FE260FF1F4C2DB700DBFB99 /* Project object */;
			proxyType = 1;
			remoteGlobalIDString = 1FE261061F4C2DB700DBFB99;
			remoteInfo = DiffGame;
		};
/* End PBXContainerItemProxy section */

/* Begin PBXFileReference section */
		1FE261071F4C2DB700DBFB99 /* DiffGame.app */ = {isa = PBXFileReference; explicitFileType = wrapper.application; includeInIndex = 0; path = DiffGame.app; sourceTree = BUILT_PRODUCTS_DIR; };
		1FE2610A1F4C2DB700DBFB99 /* AppDelegate.swift */ = {isa = PBXFileReference; lastKnownFileType = sourcecode.swift; path = AppDelegate.swift; sourceTree = "<group>"; };
		1FE2610C1F4C2DB700DBFB99 /* ViewController.swift */ = {isa = PBXFileReference; lastKnownFileType = sourcecode.swift; path = ViewController.swift; sourceTree = "<group>"; };
		1FE2610F1F4C2DB700DBFB99 /* Base */ = {isa = PBXFileReference; lastKnownFileType = file.storyboard; name = Base; path = Base.lproj/Main.storyboard; sourceTree = "<group>"; };
		1FE261111F4C2DB700DBFB99 /* Assets.xcassets */ = {isa = PBXFileReference; lastKnownFileType = folder.assetcatalog; path = Assets.xcassets; sourceTree = "<group>"; };
		1FE261141F4C2DB700DBFB99 /* Base */ = {isa = PBXFileReference; lastKnownFileType = file.storyboard; name = Base; path = Base.lproj/LaunchScreen.storyboard; sourceTree = "<group>"; };
		1FE261161F4C2DB700DBFB99 /* Info.plist */ = {isa = PBXFileReference; lastKnownFileType = text.plist.xml; path = Info.plist; sourceTree = "<group>"; };
		1FE2611B1F4C2DB700DBFB99 /* DiffGameTests.xctest */ = {isa = PBXFileReference; explicitFileType = wrapper.cfbundle; includeInIndex = 0; path = DiffGameTests.xctest; sourceTree = BUILT_PRODUCTS_DIR; };
		1FE2611F1F4C2DB700DBFB99 /* DiffGameTests.swift */ = {isa = PBXFileReference; lastKnownFileType = sourcecode.swift; path = DiffGameTests.swift; sourceTree = "<group>"; };
		1FE261211F4C2DB700DBFB99 /* Info.plist */ = {isa = PBXFileReference; lastKnownFileType = text.plist.xml; path = Info.plist; sourceTree = "<group>"; };
		1FE261261F4C2DB700DBFB99 /* DiffGameUITests.xctest */ = {isa = PBXFileReference; explicitFileType = wrapper.cfbundle; includeInIndex = 0; path = DiffGameUITests.xctest; sourceTree = BUILT_PRODUCTS_DIR; };
		1FE2612A1F4C2DB700DBFB99 /* DiffGameUITests.swift */ = {isa = PBXFileReference; lastKnownFileType = sourcecode.swift; path = DiffGameUITests.swift; sourceTree = "<group>"; };
		1FE2612C1F4C2DB700DBFB99 /* Info.plist */ = {isa = PBXFileReference; lastKnownFileType = text.plist.xml; path = Info.plist; sourceTree = "<group>"; };
/* End PBXFileReference section */

/* Begin PBXFrameworksBuildPhase section */
		1FE261041F4C2DB700DBFB99 /* Frameworks */ = {
			isa = PBXFrameworksBuildPhase;
			buildActionMask = 2147483647;
			files = (
			);
			runOnlyForDeploymentPostprocessing = 0;
		};
		1FE261181F4C2DB700DBFB99 /* Frameworks */ = {
			isa = PBXFrameworksBuildPhase;
			buildActionMask = 2147483647;
			files = (
			);
			runOnlyForDeploymentPostprocessing = 0;
		};
		1FE261231F4C2DB700DBFB99 /* Frameworks */ = {
			isa = PBXFrameworksBuildPhase;
			buildActionMask = 2147483647;
			files = (
			);
			runOnlyForDeploymentPostprocessing = 0;
		};
/* End PBXFrameworksBuildPhase section */

/* Begin PBXGroup section */
		1FE260FE1F4C2DB700DBFB99 = {
			isa = PBXGroup;
			children = (
				1FE261091F4C2DB700DBFB99 /* DiffGame */,
				1FE2611E1F4C2DB700DBFB99 /* DiffGameTests */,
				1FE261291F4C2DB700DBFB99 /* DiffGameUITests */,
				1FE261081F4C2DB700DBFB99 /* Products */,
			);
			sourceTree = "<group>";
		};
		1FE261081F4C2DB700DBFB99 /* Products */ = {
			isa = PBXGroup;
			children = (
				1FE261071F4C2DB700DBFB99 /* DiffGame.app */,
				1FE2611B1F4C2DB700DBFB99 /* DiffGameTests.xctest */,
				1FE261261F4C2DB700DBFB99 /* DiffGameUITests.xctest */,
			);
			name = Products;
			sourceTree = "<group>";
		};
		1FE261091F4C2DB700DBFB99 /* DiffGame */ = {
			isa = PBXGroup;
			children = (
				1FE2610A1F4C2DB700DBFB99 /* AppDelegate.swift */,
				1FE2610C1F4C2DB700DBFB99 /* ViewController.swift */,
				1FE2610E1F4C2DB700DBFB99 /* Main.storyboard */,
				1FE261111F4C2DB700DBFB99 /* Assets.xcassets */,
				1FE261131F4C2DB700DBFB99 /* LaunchScreen.storyboard */,
				1FE261161F4C2DB700DBFB99 /* Info.plist */,
			);
			path = DiffGame;
			sourceTree = "<group>";
		};
		1FE2611E1F4C2DB700DBFB99 /* DiffGameTests */ = {
			isa = PBXGroup;
			children = (
				1FE2611F1F4C2DB700DBFB99 /* DiffGameTests.swift */,
				1FE261211F4C2DB700DBFB99 /* Info.plist */,
			);
			path = DiffGameTests;
			sourceTree = "<group>";
		};
		1FE261291F4C2DB700DBFB99 /* DiffGameUITests */ = {
			isa = PBXGroup;
			children = (
				1FE2612A1F4C2DB700DBFB99 /* DiffGameUITests.swift */,
				1FE2612C1F4C2DB700DBFB99 /* Info.plist */,
			);
			path = DiffGameUITests;
			sourceTree = "<group>";
		};
/* End PBXGroup section */

/* Begin PBXNativeTarget section */
		1FE261061F4C2DB700DBFB99 /* DiffGame */ = {
			isa = PBXNativeTarget;
			buildConfigurationList = 1FE2612F1F4C2DB700DBFB99 /* Build configuration list for PBXNativeTarget "DiffGame" */;
			buildPhases = (
				1FE261031F4C2DB700DBFB99 /* Sources */,
				1FE261041F4C2DB700DBFB99 /* Frameworks */,
				1FE261051F4C2DB700DBFB99 /* Resources */,
			);
			buildRules = (
			);
			dependencies = (
			);
			name = DiffGame;
			productName = DiffGame;
			productReference = 1FE261071F4C2DB700DBFB99 /* DiffGame.app */;
			productType = "com.apple.product-type.application";
		};
		1FE2611A1F4C2DB700DBFB99 /* DiffGameTests */ = {
			isa = PBXNativeTarget;
			buildConfigurationList = 1FE261321F4C2DB700DBFB99 /* Build configuration list for PBXNativeTarget "DiffGameTests" */;
			buildPhases = (
				1FE261171F4C2DB700DBFB99 /* Sources */,
				1FE261181F4C2DB700DBFB99 /* Frameworks */,
				1FE261191F4C2DB700DBFB99 /* Resources */,
			);
			buildRules = (
			);
			dependencies = (
				1FE2611D1F4C2DB700DBFB99 /* PBXTargetDependency */,
			);
			name = DiffGameTests;
			productName = DiffGameTests;
			productReference = 1FE2611B1F4C2DB700DBFB99 /* DiffGameTests.xctest */;
			productType = "com.apple.product-type.bundle.unit-test";
		};
		1FE261251F4C2DB700DBFB99 /* DiffGameUITests */ = {
			isa = PBXNativeTarget;
			buildConfigurationList = 1FE261351F4C2DB700DBFB99 /* Build configuration list for PBXNativeTarget "DiffGameUITests" */;
			buildPhases = (
				1FE261221F4C2DB700DBFB99 /* Sources */,
				1FE261231F4C2DB700DBFB99 /* Frameworks */,
				1FE261241F4C2DB700DBFB99 /* Resources */,
			);
			buildRules = (
			);
			dependencies = (
				1FE261281F4C2DB700DBFB99 /* PBXTargetDependency */,
			);
			name = DiffGameUITests;
			productName = DiffGameUITests;
			productReference = 1FE261261F4C2DB700DBFB99 /* DiffGameUITests.xctest */;
			productType = "com.apple.product-type.bundle.ui-testing";
		};
/* End PBXNativeTarget section */

/* Begin PBXProject section */
		1FE260FF1F4C2DB700DBFB99 /* Project object */ = {
			isa = PBXProject;
			attributes = {
				LastSwiftUpdateCheck = 0830;
				LastUpgradeCheck = 0830;
				ORGANIZATIONNAME = markran;
				TargetAttributes = {
					1FE261061F4C2DB700DBFB99 = {
						CreatedOnToolsVersion = 8.3.3;
						DevelopmentTeam = THSJPLHLD3;
						ProvisioningStyle = Manual;
					};
					1FE2611A1F4C2DB700DBFB99 = {
						CreatedOnToolsVersion = 8.3.3;
						DevelopmentTeam = BMLP73JWB4;
						ProvisioningStyle = Automatic;
						TestTargetID = 1FE261061F4C2DB700DBFB99;
					};
					1FE261251F4C2DB700DBFB99 = {
						CreatedOnToolsVersion = 8.3.3;
						DevelopmentTeam = BMLP73JWB4;
						ProvisioningStyle = Automatic;
						TestTargetID = 1FE261061F4C2DB700DBFB99;
					};
				};
			};
			buildConfigurationList = 1FE261021F4C2DB700DBFB99 /* Build configuration list for PBXProject "DiffGame" */;
			compatibilityVersion = "Xcode 3.2";
			developmentRegion = English;
			hasScannedForEncodings = 0;
			knownRegions = (
				en,
				Base,
			);
			mainGroup = 1FE260FE1F4C2DB700DBFB99;
			productRefGroup = 1FE261081F4C2DB700DBFB99 /* Products */;
			projectDirPath = "";
			projectRoot = "";
			targets = (
				1FE261061F4C2DB700DBFB99 /* DiffGame */,
				1FE2611A1F4C2DB700DBFB99 /* DiffGameTests */,
				1FE261251F4C2DB700DBFB99 /* DiffGameUITests */,
			);
		};
/* End PBXProject section */

/* Begin PBXResourcesBuildPhase section */
		1FE261051F4C2DB700DBFB99 /* Resources */ = {
			isa = PBXResourcesBuildPhase;
			buildActionMask = 2147483647;
			files = (
				1FE261151F4C2DB700DBFB99 /* LaunchScreen.storyboard in Resources */,
				1FE261121F4C2DB700DBFB99 /* Assets.xcassets in Resources */,
				1FE261101F4C2DB700DBFB99 /* Main.storyboard in Resources */,
			);
			runOnlyForDeploymentPostprocessing = 0;
		};
		1FE261191F4C2DB700DBFB99 /* Resources */ = {
			isa = PBXResourcesBuildPhase;
			buildActionMask = 2147483647;
			files = (
			);
			runOnlyForDeploymentPostprocessing = 0;
		};
		1FE261241F4C2DB700DBFB99 /* Resources */ = {
			isa = PBXResourcesBuildPhase;
			buildActionMask = 2147483647;
			files = (
			);
			runOnlyForDeploymentPostprocessing = 0;
		};
/* End PBXResourcesBuildPhase section */

/* Begin PBXSourcesBuildPhase section */
		1FE261031F4C2DB700DBFB99 /* Sources */ = {
			isa = PBXSourcesBuildPhase;
			buildActionMask = 2147483647;
			files = (
				1FE2610D1F4C2DB700DBFB99 /* ViewController.swift in Sources */,
				1FE2610B1F4C2DB700DBFB99 /* AppDelegate.swift in Sources */,
			);
			runOnlyForDeploymentPostprocessing = 0;
		};
		1FE261171F4C2DB700DBFB99 /* Sources */ = {
			isa = PBXSourcesBuildPhase;
			buildActionMask = 2147483647;
			files = (
				1FE261201F4C2DB700DBFB99 /* DiffGameTests.swift in Sources */,
			);
			runOnlyForDeploymentPostprocessing = 0;
		};
		1FE261221F4C2DB700DBFB99 /* Sources */ = {
			isa = PBXSourcesBuildPhase;
			buildActionMask = 2147483647;
			files = (
				1FE2612B1F4C2DB700DBFB99 /* DiffGameUITests.swift in Sources */,
			);
			runOnlyForDeploymentPostprocessing = 0;
		};
/* End PBXSourcesBuildPhase section */

/* Begin PBXTargetDependency section */
		1FE2611D1F4C2DB700DBFB99 /* PBXTargetDependency */ = {
			isa = PBXTargetDependency;
			target = 1FE261061F4C2DB700DBFB99 /* DiffGame */;
			targetProxy = 1FE2611C1F4C2DB700DBFB99 /* PBXContainerItemProxy */;
		};
		1FE261281F4C2DB700DBFB99 /* PBXTargetDependency */ = {
			isa = PBXTargetDependency;
			target = 1FE261061F4C2DB700DBFB99 /* DiffGame */;
			targetProxy = 1FE261271F4C2DB700DBFB99 /* PBXContainerItemProxy */;
		};
/* End PBXTargetDependency section */

/* Begin PBXVariantGroup section */
		1FE2610E1F4C2DB700DBFB99 /* Main.storyboard */ = {
			isa = PBXVariantGroup;
			children = (
				1FE2610F1F4C2DB700DBFB99 /* Base */,
			);
			name = Main.storyboard;
			sourceTree = "<group>";
		};
		1FE261131F4C2DB700DBFB99 /* LaunchScreen.storyboard */ = {
			isa = PBXVariantGroup;
			children = (
				1FE261141F4C2DB700DBFB99 /* Base */,
			);
			name = LaunchScreen.storyboard;
			sourceTree = "<group>";
		};
/* End PBXVariantGroup section */

/* Begin XCBuildConfiguration section */
		1FE2612D1F4C2DB700DBFB99 /* Debug */ = {
			isa = XCBuildConfiguration;
			buildSettings = {
				ALWAYS_SEARCH_USER_PATHS = NO;
				CLANG_ANALYZER_NONNULL = YES;
				CLANG_ANALYZER_NUMBER_OBJECT_CONVERSION = YES_AGGRESSIVE;
				CLANG_CXX_LANGUAGE_STANDARD = "gnu++0x";
				CLANG_CXX_LIBRARY = "libc++";
				CLANG_ENABLE_MODULES = YES;
				CLANG_ENABLE_OBJC_ARC = YES;
				CLANG_WARN_BOOL_CONVERSION = YES;
				CLANG_WARN_CONSTANT_CONVERSION = YES;
				CLANG_WARN_DIRECT_OBJC_ISA_USAGE = YES_ERROR;
				CLANG_WARN_DOCUMENTATION_COMMENTS = YES;
				CLANG_WARN_EMPTY_BODY = YES;
				CLANG_WARN_ENUM_CONVERSION = YES;
				CLANG_WARN_INFINITE_RECURSION = YES;
				CLANG_WARN_INT_CONVERSION = YES;
				CLANG_WARN_OBJC_ROOT_CLASS = YES_ERROR;
				CLANG_WARN_SUSPICIOUS_MOVE = YES;
				CLANG_WARN_UNREACHABLE_CODE = YES;
				CLANG_WARN__DUPLICATE_METHOD_MATCH = YES;
				"CODE_SIGN_IDENTITY[sdk=iphoneos*]" = "iPhone Developer";
				COPY_PHASE_STRIP = NO;
				DEBUG_INFORMATION_FORMAT = dwarf;
				ENABLE_STRICT_OBJC_MSGSEND = YES;
				ENABLE_TESTABILITY = YES;
				GCC_C_LANGUAGE_STANDARD = gnu99;
				GCC_DYNAMIC_NO_PIC = NO;
				GCC_NO_COMMON_BLOCKS = YES;
				GCC_OPTIMIZATION_LEVEL = 0;
				GCC_PREPROCESSOR_DEFINITIONS = (
					"DEBUG=1",
					"$(inherited)",
				);
				GCC_WARN_64_TO_32_BIT_CONVERSION = YES;
				GCC_WARN_ABOUT_RETURN_TYPE = YES_ERROR;
				GCC_WARN_UNDECLARED_SELECTOR = YES;
				GCC_WARN_UNINITIALIZED_AUTOS = YES_AGGRESSIVE;
				GCC_WARN_UNUSED_FUNCTION = YES;
				GCC_WARN_UNUSED_VARIABLE = YES;
				IPHONEOS_DEPLOYMENT_TARGET = 10.3;
				MTL_ENABLE_DEBUG_INFO = YES;
				ONLY_ACTIVE_ARCH = YES;
				SDKROOT = iphoneos;
				SWIFT_ACTIVE_COMPILATION_CONDITIONS = DEBUG;
				SWIFT_OPTIMIZATION_LEVEL = "-Onone";
			};
			name = Debug;
		};
		1FE2612E1F4C2DB700DBFB99 /* Release */ = {
			isa = XCBuildConfiguration;
			buildSettings = {
				ALWAYS_SEARCH_USER_PATHS = NO;
				CLANG_ANALYZER_NONNULL = YES;
				CLANG_ANALYZER_NUMBER_OBJECT_CONVERSION = YES_AGGRESSIVE;
				CLANG_CXX_LANGUAGE_STANDARD = "gnu++0x";
				CLANG_CXX_LIBRARY = "libc++";
				CLANG_ENABLE_MODULES = YES;
				CLANG_ENABLE_OBJC_ARC = YES;
				CLANG_WARN_BOOL_CONVERSION = YES;
				CLANG_WARN_CONSTANT_CONVERSION = YES;
				CLANG_WARN_DIRECT_OBJC_ISA_USAGE = YES_ERROR;
				CLANG_WARN_DOCUMENTATION_COMMENTS = YES;
				CLANG_WARN_EMPTY_BODY = YES;
				CLANG_WARN_ENUM_CONVERSION = YES;
				CLANG_WARN_INFINITE_RECURSION = YES;
				CLANG_WARN_INT_CONVERSION = YES;
				CLANG_WARN_OBJC_ROOT_CLASS = YES_ERROR;
				CLANG_WARN_SUSPICIOUS_MOVE = YES;
				CLANG_WARN_UNREACHABLE_CODE = YES;
				CLANG_WARN__DUPLICATE_METHOD_MATCH = YES;
				"CODE_SIGN_IDENTITY[sdk=iphoneos*]" = "iPhone Developer";
				COPY_PHASE_STRIP = NO;
				DEBUG_INFORMATION_FORMAT = "dwarf-with-dsym";
				ENABLE_NS_ASSERTIONS = NO;
				ENABLE_STRICT_OBJC_MSGSEND = YES;
				GCC_C_LANGUAGE_STANDARD = gnu99;
				GCC_NO_COMMON_BLOCKS = YES;
				GCC_WARN_64_TO_32_BIT_CONVERSION = YES;
				GCC_WARN_ABOUT_RETURN_TYPE = YES_ERROR;
				GCC_WARN_UNDECLARED_SELECTOR = YES;
				GCC_WARN_UNINITIALIZED_AUTOS = YES_AGGRESSIVE;
				GCC_WARN_UNUSED_FUNCTION = YES;
				GCC_WARN_UNUSED_VARIABLE = YES;
				IPHONEOS_DEPLOYMENT_TARGET = 10.3;
				MTL_ENABLE_DEBUG_INFO = NO;
				SDKROOT = iphoneos;
				SWIFT_OPTIMIZATION_LEVEL = "-Owholemodule";
				VALIDATE_PRODUCT = YES;
			};
			name = Release;
		};
		1FE261301F4C2DB700DBFB99 /* Debug */ = {
			isa = XCBuildConfiguration;
			buildSettings = {
				ASSETCATALOG_COMPILER_APPICON_NAME = AppIcon;
				DEVELOPMENT_TEAM = THSJPLHLD3;
				INFOPLIST_FILE = DiffGame/Info.plist;
				IPHONEOS_DEPLOYMENT_TARGET = 9.0;
				LD_RUNPATH_SEARCH_PATHS = "$(inherited) @executable_path/Frameworks";
				PRODUCT_BUNDLE_IDENTIFIER = com.hehe.DiffGame;
				PRODUCT_NAME = "$(TARGET_NAME)";
				PROVISIONING_PROFILE = "0e62e3d5-10b5-4e30-8081-9ab41d24d525";
				PROVISIONING_PROFILE_SPECIFIER = xc;
				SWIFT_VERSION = 3.0;
			};
			name = Debug;
		};
		1FE261311F4C2DB700DBFB99 /* Release */ = {
			isa = XCBuildConfiguration;
			buildSettings = {
				ASSETCATALOG_COMPILER_APPICON_NAME = AppIcon;
				DEVELOPMENT_TEAM = "";
				INFOPLIST_FILE = DiffGame/Info.plist;
				IPHONEOS_DEPLOYMENT_TARGET = 9.0;
				LD_RUNPATH_SEARCH_PATHS = "$(inherited) @executable_path/Frameworks";
				PRODUCT_BUNDLE_IDENTIFIER = com.hehe.DiffGame;
				PRODUCT_NAME = "$(TARGET_NAME)";
				PROVISIONING_PROFILE_SPECIFIER = "";
				SWIFT_VERSION = 3.0;
			};
			name = Release;
		};
		1FE261331F4C2DB700DBFB99 /* Debug */ = {
			isa = XCBuildConfiguration;
			buildSettings = {
				ALWAYS_EMBED_SWIFT_STANDARD_LIBRARIES = YES;
				BUNDLE_LOADER = "$(TEST_HOST)";
				DEVELOPMENT_TEAM = BMLP73JWB4;
				INFOPLIST_FILE = DiffGameTests/Info.plist;
				LD_RUNPATH_SEARCH_PATHS = "$(inherited) @executable_path/Frameworks @loader_path/Frameworks";
				PRODUCT_BUNDLE_IDENTIFIER = com.hehe.DiffGameTests;
				PRODUCT_NAME = "$(TARGET_NAME)";
				SWIFT_VERSION = 3.0;
				TEST_HOST = "$(BUILT_PRODUCTS_DIR)/DiffGame.app/DiffGame";
			};
			name = Debug;
		};
		1FE261341F4C2DB700DBFB99 /* Release */ = {
			isa = XCBuildConfiguration;
			buildSettings = {
				ALWAYS_EMBED_SWIFT_STANDARD_LIBRARIES = YES;
				BUNDLE_LOADER = "$(TEST_HOST)";
				DEVELOPMENT_TEAM = BMLP73JWB4;
				INFOPLIST_FILE = DiffGameTests/Info.plist;
				LD_RUNPATH_SEARCH_PATHS = "$(inherited) @executable_path/Frameworks @loader_path/Frameworks";
				PRODUCT_BUNDLE_IDENTIFIER = com.hehe.DiffGameTests;
				PRODUCT_NAME = "$(TARGET_NAME)";
				SWIFT_VERSION = 3.0;
				TEST_HOST = "$(BUILT_PRODUCTS_DIR)/DiffGame.app/DiffGame";
			};
			name = Release;
		};
		1FE261361F4C2DB700DBFB99 /* Debug */ = {
			isa = XCBuildConfiguration;
			buildSettings = {
				ALWAYS_EMBED_SWIFT_STANDARD_LIBRARIES = YES;
				DEVELOPMENT_TEAM = BMLP73JWB4;
				INFOPLIST_FILE = DiffGameUITests/Info.plist;
				LD_RUNPATH_SEARCH_PATHS = "$(inherited) @executable_path/Frameworks @loader_path/Frameworks";
				PRODUCT_BUNDLE_IDENTIFIER = com.hehe.DiffGameUITests;
				PRODUCT_NAME = "$(TARGET_NAME)";
				SWIFT_VERSION = 3.0;
				TEST_TARGET_NAME = DiffGame;
			};
			name = Debug;
		};
		1FE261371F4C2DB700DBFB99 /* Release */ = {
			isa = XCBuildConfiguration;
			buildSettings = {
				ALWAYS_EMBED_SWIFT_STANDARD_LIBRARIES = YES;
				DEVELOPMENT_TEAM = BMLP73JWB4;
				INFOPLIST_FILE = DiffGameUITests/Info.plist;
				LD_RUNPATH_SEARCH_PATHS = "$(inherited) @executable_path/Frameworks @loader_path/Frameworks";
				PRODUCT_BUNDLE_IDENTIFIER = com.hehe.DiffGameUITests;
				PRODUCT_NAME = "$(TARGET_NAME)";
				SWIFT_VERSION = 3.0;
				TEST_TARGET_NAME = DiffGame;
			};
			name = Release;
		};
/* End XCBuildConfiguration section */

/* Begin XCConfigurationList section */
		1FE261021F4C2DB700DBFB99 /* Build configuration list for PBXProject "DiffGame" */ = {
			isa = XCConfigurationList;
			buildConfigurations = (
				1FE2612D1F4C2DB700DBFB99 /* Debug */,
				1FE2612E1F4C2DB700DBFB99 /* Release */,
			);
			defaultConfigurationIsVisible = 0;
			defaultConfigurationName = Release;
		};
		1FE2612F1F4C2DB700DBFB99 /* Build configuration list for PBXNativeTarget "DiffGame" */ = {
			isa = XCConfigurationList;
			buildConfigurations = (
				1FE261301F4C2DB700DBFB99 /* Debug */,
				1FE261311F4C2DB700DBFB99 /* Release */,
			);
			defaultConfigurationIsVisible = 0;
		};
		1FE261321F4C2DB700DBFB99 /* Build configuration list for PBXNativeTarget "DiffGameTests" */ = {
			isa = XCConfigurationList;
			buildConfigurations = (
				1FE261331F4C2DB700DBFB99 /* Debug */,
				1FE261341F4C2DB700DBFB99 /* Release */,
			);
			defaultConfigurationIsVisible = 0;
		};
		1FE261351F4C2DB700DBFB99 /* Build configuration list for PBXNativeTarget "DiffGameUITests" */ = {
			isa = XCConfigurationList;
			buildConfigurations = (
				1FE261361F4C2DB700DBFB99 /* Debug */,
				1FE261371F4C2DB700DBFB99 /* Release */,
			);
			defaultConfigurationIsVisible = 0;
		};
/* End XCConfigurationList section */
	};
	rootObject = 1FE260FF1F4C2DB700DBFB99 /* Project object */;
}
