// !$*UTF8*$!
{
	archiveVersion = 1;
	classes = {
	};
	objectVersion = 48;
	objects = {

/* Begin PBXBuildFile section */
		1F55E7FC1EEA75400090089E /* AppDelegate.swift in Sources */ = {isa = PBXBuildFile; fileRef = 1F55E7FB1EEA75400090089E /* AppDelegate.swift */; };
		1F55E7FE1EEA75400090089E /* ViewController.swift in Sources */ = {isa = PBXBuildFile; fileRef = 1F55E7FD1EEA75400090089E /* ViewController.swift */; };
		1F55E8011EEA75400090089E /* Main.storyboard in Resources */ = {isa = PBXBuildFile; fileRef = 1F55E7FF1EEA75400090089E /* Main.storyboard */; };
		1F55E8031EEA75400090089E /* Assets.xcassets in Resources */ = {isa = PBXBuildFile; fileRef = 1F55E8021EEA75400090089E /* Assets.xcassets */; };
		1F55E8061EEA75400090089E /* LaunchScreen.storyboard in Resources */ = {isa = PBXBuildFile; fileRef = 1F55E8041EEA75400090089E /* LaunchScreen.storyboard */; };
		1F55E8111EEA75400090089E /* BeginProjectSwift3Tests.swift in Sources */ = {isa = PBXBuildFile; fileRef = 1F55E8101EEA75400090089E /* BeginProjectSwift3Tests.swift */; };
/* End PBXBuildFile section */

/* Begin PBXContainerItemProxy section */
		1F55E80D1EEA75400090089E /* PBXContainerItemProxy */ = {
			isa = PBXContainerItemProxy;
			containerPortal = 1F55E7F01EEA75400090089E /* Project object */;
			proxyType = 1;
			remoteGlobalIDString = 1F55E7F71EEA75400090089E;
			remoteInfo = BeginProjectSwift3;
		};
/* End PBXContainerItemProxy section */

/* Begin PBXFileReference section */
		1F55E7F81EEA75400090089E /* BeginProjectSwift3.app */ = {isa = PBXFileReference; explicitFileType = wrapper.application; includeInIndex = 0; path = BeginProjectSwift3.app; sourceTree = BUILT_PRODUCTS_DIR; };
		1F55E7FB1EEA75400090089E /* AppDelegate.swift */ = {isa = PBXFileReference; lastKnownFileType = sourcecode.swift; path = AppDelegate.swift; sourceTree = "<group>"; };
		1F55E7FD1EEA75400090089E /* ViewController.swift */ = {isa = PBXFileReference; lastKnownFileType = sourcecode.swift; path = ViewController.swift; sourceTree = "<group>"; };
		1F55E8001EEA75400090089E /* Base */ = {isa = PBXFileReference; lastKnownFileType = file.storyboard; name = Base; path = Base.lproj/Main.storyboard; sourceTree = "<group>"; };
		1F55E8021EEA75400090089E /* Assets.xcassets */ = {isa = PBXFileReference; lastKnownFileType = folder.assetcatalog; path = Assets.xcassets; sourceTree = "<group>"; };
		1F55E8051EEA75400090089E /* Base */ = {isa = PBXFileReference; lastKnownFileType = file.storyboard; name = Base; path = Base.lproj/LaunchScreen.storyboard; sourceTree = "<group>"; };
		1F55E8071EEA75400090089E /* Info.plist */ = {isa = PBXFileReference; lastKnownFileType = text.plist.xml; path = Info.plist; sourceTree = "<group>"; };
		1F55E80C1EEA75400090089E /* BeginProjectSwift3Tests.xctest */ = {isa = PBXFileReference; explicitFileType = wrapper.cfbundle; includeInIndex = 0; path = BeginProjectSwift3Tests.xctest; sourceTree = BUILT_PRODUCTS_DIR; };
		1F55E8101EEA75400090089E /* BeginProjectSwift3Tests.swift */ = {isa = PBXFileReference; lastKnownFileType = sourcecode.swift; path = BeginProjectSwift3Tests.swift; sourceTree = "<group>"; };
		1F55E8121EEA75400090089E /* Info.plist */ = {isa = PBXFileReference; lastKnownFileType = text.plist.xml; path = Info.plist; sourceTree = "<group>"; };
/* End PBXFileReference section */

/* Begin PBXFrameworksBuildPhase section */
		1F55E7F51EEA75400090089E /* Frameworks */ = {
			isa = PBXFrameworksBuildPhase;
			buildActionMask = 2147483647;
			files = (
			);
			runOnlyForDeploymentPostprocessing = 0;
		};
		1F55E8091EEA75400090089E /* Frameworks */ = {
			isa = PBXFrameworksBuildPhase;
			buildActionMask = 2147483647;
			files = (
			);
			runOnlyForDeploymentPostprocessing = 0;
		};
/* End PBXFrameworksBuildPhase section */

/* Begin PBXGroup section */
		1F55E7EF1EEA75400090089E = {
			isa = PBXGroup;
			children = (
				1F55E7FA1EEA75400090089E /* BeginProjectSwift3 */,
				1F55E80F1EEA75400090089E /* BeginProjectSwift3Tests */,
				1F55E7F91EEA75400090089E /* Products */,
			);
			sourceTree = "<group>";
		};
		1F55E7F91EEA75400090089E /* Products */ = {
			isa = PBXGroup;
			children = (
				1F55E7F81EEA75400090089E /* BeginProjectSwift3.app */,
				1F55E80C1EEA75400090089E /* BeginProjectSwift3Tests.xctest */,
			);
			name = Products;
			sourceTree = "<group>";
		};
		1F55E7FA1EEA75400090089E /* BeginProjectSwift3 */ = {
			isa = PBXGroup;
			children = (
				1F55E7FB1EEA75400090089E /* AppDelegate.swift */,
				1F55E7FD1EEA75400090089E /* ViewController.swift */,
				1F55E7FF1EEA75400090089E /* Main.storyboard */,
				1F55E8021EEA75400090089E /* Assets.xcassets */,
				1F55E8041EEA75400090089E /* LaunchScreen.storyboard */,
				1F55E8071EEA75400090089E /* Info.plist */,
			);
			path = BeginProjectSwift3;
			sourceTree = "<group>";
		};
		1F55E80F1EEA75400090089E /* BeginProjectSwift3Tests */ = {
			isa = PBXGroup;
			children = (
				1F55E8101EEA75400090089E /* BeginProjectSwift3Tests.swift */,
				1F55E8121EEA75400090089E /* Info.plist */,
			);
			path = BeginProjectSwift3Tests;
			sourceTree = "<group>";
		};
/* End PBXGroup section */

/* Begin PBXNativeTarget section */
		1F55E7F71EEA75400090089E /* BeginProjectSwift3 */ = {
			isa = PBXNativeTarget;
			buildConfigurationList = 1F55E8151EEA75400090089E /* Build configuration list for PBXNativeTarget "BeginProjectSwift3" */;
			buildPhases = (
				1F55E7F41EEA75400090089E /* Sources */,
				1F55E7F51EEA75400090089E /* Frameworks */,
				1F55E7F61EEA75400090089E /* Resources */,
			);
			buildRules = (
			);
			dependencies = (
			);
			name = BeginProjectSwift3;
			productName = BeginProjectSwift3;
			productReference = 1F55E7F81EEA75400090089E /* BeginProjectSwift3.app */;
			productType = "com.apple.product-type.application";
		};
		1F55E80B1EEA75400090089E /* BeginProjectSwift3Tests */ = {
			isa = PBXNativeTarget;
			buildConfigurationList = 1F55E8181EEA75400090089E /* Build configuration list for PBXNativeTarget "BeginProjectSwift3Tests" */;
			buildPhases = (
				1F55E8081EEA75400090089E /* Sources */,
				1F55E8091EEA75400090089E /* Frameworks */,
				1F55E80A1EEA75400090089E /* Resources */,
			);
			buildRules = (
			);
			dependencies = (
				1F55E80E1EEA75400090089E /* PBXTargetDependency */,
			);
			name = BeginProjectSwift3Tests;
			productName = BeginProjectSwift3Tests;
			productReference = 1F55E80C1EEA75400090089E /* BeginProjectSwift3Tests.xctest */;
			productType = "com.apple.product-type.bundle.unit-test";
		};
/* End PBXNativeTarget section */

/* Begin PBXProject section */
		1F55E7F01EEA75400090089E /* Project object */ = {
			isa = PBXProject;
			attributes = {
				LastSwiftUpdateCheck = 0900;
				LastUpgradeCheck = 0900;
				ORGANIZATIONNAME = markran;
				TargetAttributes = {
					1F55E7F71EEA75400090089E = {
						CreatedOnToolsVersion = 9.0;
						ProvisioningStyle = Manual;
					};
					1F55E80B1EEA75400090089E = {
						CreatedOnToolsVersion = 9.0;
						ProvisioningStyle = Automatic;
						TestTargetID = 1F55E7F71EEA75400090089E;
					};
				};
			};
			buildConfigurationList = 1F55E7F31EEA75400090089E /* Build configuration list for PBXProject "BeginProjectSwift3" */;
			compatibilityVersion = "Xcode 8.0";
			developmentRegion = en;
			hasScannedForEncodings = 0;
			knownRegions = (
				en,
				Base,
			);
			mainGroup = 1F55E7EF1EEA75400090089E;
			productRefGroup = 1F55E7F91EEA75400090089E /* Products */;
			projectDirPath = "";
			projectRoot = "";
			targets = (
				1F55E7F71EEA75400090089E /* BeginProjectSwift3 */,
				1F55E80B1EEA75400090089E /* BeginProjectSwift3Tests */,
			);
		};
/* End PBXProject section */

/* Begin PBXResourcesBuildPhase section */
		1F55E7F61EEA75400090089E /* Resources */ = {
			isa = PBXResourcesBuildPhase;
			buildActionMask = 2147483647;
			files = (
				1F55E8061EEA75400090089E /* LaunchScreen.storyboard in Resources */,
				1F55E8031EEA75400090089E /* Assets.xcassets in Resources */,
				1F55E8011EEA75400090089E /* Main.storyboard in Resources */,
			);
			runOnlyForDeploymentPostprocessing = 0;
		};
		1F55E80A1EEA75400090089E /* Resources */ = {
			isa = PBXResourcesBuildPhase;
			buildActionMask = 2147483647;
			files = (
			);
			runOnlyForDeploymentPostprocessing = 0;
		};
/* End PBXResourcesBuildPhase section */

/* Begin PBXSourcesBuildPhase section */
		1F55E7F41EEA75400090089E /* Sources */ = {
			isa = PBXSourcesBuildPhase;
			buildActionMask = 2147483647;
			files = (
				1F55E7FE1EEA75400090089E /* ViewController.swift in Sources */,
				1F55E7FC1EEA75400090089E /* AppDelegate.swift in Sources */,
			);
			runOnlyForDeploymentPostprocessing = 0;
		};
		1F55E8081EEA75400090089E /* Sources */ = {
			isa = PBXSourcesBuildPhase;
			buildActionMask = 2147483647;
			files = (
				1F55E8111EEA75400090089E /* BeginProjectSwift3Tests.swift in Sources */,
			);
			runOnlyForDeploymentPostprocessing = 0;
		};
/* End PBXSourcesBuildPhase section */

/* Begin PBXTargetDependency section */
		1F55E80E1EEA75400090089E /* PBXTargetDependency */ = {
			isa = PBXTargetDependency;
			target = 1F55E7F71EEA75400090089E /* BeginProjectSwift3 */;
			targetProxy = 1F55E80D1EEA75400090089E /* PBXContainerItemProxy */;
		};
/* End PBXTargetDependency section */

/* Begin PBXVariantGroup section */
		1F55E7FF1EEA75400090089E /* Main.storyboard */ = {
			isa = PBXVariantGroup;
			children = (
				1F55E8001EEA75400090089E /* Base */,
			);
			name = Main.storyboard;
			sourceTree = "<group>";
		};
		1F55E8041EEA75400090089E /* LaunchScreen.storyboard */ = {
			isa = PBXVariantGroup;
			children = (
				1F55E8051EEA75400090089E /* Base */,
			);
			name = LaunchScreen.storyboard;
			sourceTree = "<group>";
		};
/* End PBXVariantGroup section */

/* Begin XCBuildConfiguration section */
		1F55E8131EEA75400090089E /* Debug */ = {
			isa = XCBuildConfiguration;
			buildSettings = {
				ALWAYS_SEARCH_USER_PATHS = NO;
				CLANG_ANALYZER_NONNULL = YES;
				CLANG_ANALYZER_NUMBER_OBJECT_CONVERSION = YES_AGGRESSIVE;
				CLANG_CXX_LANGUAGE_STANDARD = "gnu++14";
				CLANG_CXX_LIBRARY = "libc++";
				CLANG_ENABLE_MODULES = YES;
				CLANG_ENABLE_OBJC_ARC = YES;
				CLANG_WARN_BLOCK_CAPTURE_AUTORELEASING = YES;
				CLANG_WARN_BOOL_CONVERSION = YES;
				CLANG_WARN_COMMA = YES;
				CLANG_WARN_CONSTANT_CONVERSION = YES;
				CLANG_WARN_DIRECT_OBJC_ISA_USAGE = YES_ERROR;
				CLANG_WARN_DOCUMENTATION_COMMENTS = YES;
				CLANG_WARN_EMPTY_BODY = YES;
				CLANG_WARN_ENUM_CONVERSION = YES;
				CLANG_WARN_INFINITE_RECURSION = YES;
				CLANG_WARN_INT_CONVERSION = YES;
				CLANG_WARN_OBJC_ROOT_CLASS = YES_ERROR;
				CLANG_WARN_RANGE_LOOP_ANALYSIS = YES;
				CLANG_WARN_STRICT_PROTOTYPES = YES;
				CLANG_WARN_SUSPICIOUS_MOVE = YES;
				CLANG_WARN_UNGUARDED_AVAILABILITY = YES_AGGRESSIVE;
				CLANG_WARN_UNREACHABLE_CODE = YES;
				CLANG_WARN__DUPLICATE_METHOD_MATCH = YES;
				CODE_SIGN_IDENTITY = "iPhone Developer";
				COPY_PHASE_STRIP = NO;
				DEBUG_INFORMATION_FORMAT = dwarf;
				ENABLE_STRICT_OBJC_MSGSEND = YES;
				ENABLE_TESTABILITY = YES;
				GCC_C_LANGUAGE_STANDARD = gnu11;
				GCC_DYNAMIC_NO_PIC = NO;
				GCC_NO_COMMON_BLOCKS = YES;
				GCC_OPTIMIZATION_LEVEL = 0;
				GCC_PREPROCESSOR_DEFINITIONS = (
					"DEBUG=1",
					"$(inherited)",
				);
				GCC_WARN_64_TO_32_BIT_CONVERSION = YES;
				GCC_WARN_ABOUT_RETURN_TYPE = YES_ERROR;
				GCC_WARN_UNDECLARED_SELECTOR = YES;
				GCC_WARN_UNINITIALIZED_AUTOS = YES_AGGRESSIVE;
				GCC_WARN_UNUSED_FUNCTION = YES;
				GCC_WARN_UNUSED_VARIABLE = YES;
				IPHONEOS_DEPLOYMENT_TARGET = 11.0;
				MTL_ENABLE_DEBUG_INFO = YES;
				ONLY_ACTIVE_ARCH = YES;
				SDKROOT = iphoneos;
				SWIFT_ACTIVE_COMPILATION_CONDITIONS = DEBUG;
				SWIFT_OPTIMIZATION_LEVEL = "-Onone";
			};
			name = Debug;
		};
		1F55E8141EEA75400090089E /* Release */ = {
			isa = XCBuildConfiguration;
			buildSettings = {
				ALWAYS_SEARCH_USER_PATHS = NO;
				CLANG_ANALYZER_NONNULL = YES;
				CLANG_ANALYZER_NUMBER_OBJECT_CONVERSION = YES_AGGRESSIVE;
				CLANG_CXX_LANGUAGE_STANDARD = "gnu++14";
				CLANG_CXX_LIBRARY = "libc++";
				CLANG_ENABLE_MODULES = YES;
				CLANG_ENABLE_OBJC_ARC = YES;
				CLANG_WARN_BLOCK_CAPTURE_AUTORELEASING = YES;
				CLANG_WARN_BOOL_CONVERSION = YES;
				CLANG_WARN_COMMA = YES;
				CLANG_WARN_CONSTANT_CONVERSION = YES;
				CLANG_WARN_DIRECT_OBJC_ISA_USAGE = YES_ERROR;
				CLANG_WARN_DOCUMENTATION_COMMENTS = YES;
				CLANG_WARN_EMPTY_BODY = YES;
				CLANG_WARN_ENUM_CONVERSION = YES;
				CLANG_WARN_INFINITE_RECURSION = YES;
				CLANG_WARN_INT_CONVERSION = YES;
				CLANG_WARN_OBJC_ROOT_CLASS = YES_ERROR;
				CLANG_WARN_RANGE_LOOP_ANALYSIS = YES;
				CLANG_WARN_STRICT_PROTOTYPES = YES;
				CLANG_WARN_SUSPICIOUS_MOVE = YES;
				CLANG_WARN_UNGUARDED_AVAILABILITY = YES_AGGRESSIVE;
				CLANG_WARN_UNREACHABLE_CODE = YES;
				CLANG_WARN__DUPLICATE_METHOD_MATCH = YES;
				CODE_SIGN_IDENTITY = "iPhone Developer";
				COPY_PHASE_STRIP = NO;
				DEBUG_INFORMATION_FORMAT = "dwarf-with-dsym";
				ENABLE_NS_ASSERTIONS = NO;
				ENABLE_STRICT_OBJC_MSGSEND = YES;
				GCC_C_LANGUAGE_STANDARD = gnu11;
				GCC_NO_COMMON_BLOCKS = YES;
				GCC_WARN_64_TO_32_BIT_CONVERSION = YES;
				GCC_WARN_ABOUT_RETURN_TYPE = YES_ERROR;
				GCC_WARN_UNDECLARED_SELECTOR = YES;
				GCC_WARN_UNINITIALIZED_AUTOS = YES_AGGRESSIVE;
				GCC_WARN_UNUSED_FUNCTION = YES;
				GCC_WARN_UNUSED_VARIABLE = YES;
				IPHONEOS_DEPLOYMENT_TARGET = 11.0;
				MTL_ENABLE_DEBUG_INFO = NO;
				SDKROOT = iphoneos;
				SWIFT_OPTIMIZATION_LEVEL = "-Owholemodule";
				VALIDATE_PRODUCT = YES;
			};
			name = Release;
		};
		1F55E8161EEA75400090089E /* Debug */ = {
			isa = XCBuildConfiguration;
			buildSettings = {
				ASSETCATALOG_COMPILER_APPICON_NAME = AppIcon;
				CODE_SIGN_STYLE = Manual;
				DEVELOPMENT_TEAM = THSJPLHLD3;
				INFOPLIST_FILE = BeginProjectSwift3/Info.plist;
				IPHONEOS_DEPLOYMENT_TARGET = 9.0;
				LD_RUNPATH_SEARCH_PATHS = "$(inherited) @executable_path/Frameworks";
				PRODUCT_BUNDLE_IDENTIFIER = com.markran.BeginProjectSwift3;
				PRODUCT_NAME = "$(TARGET_NAME)";
				PROVISIONING_PROFILE = "0e62e3d5-10b5-4e30-8081-9ab41d24d525";
				PROVISIONING_PROFILE_SPECIFIER = xc;
				SWIFT_VERSION = 4.0;
				TARGETED_DEVICE_FAMILY = "1,2";
			};
			name = Debug;
		};
		1F55E8171EEA75400090089E /* Release */ = {
			isa = XCBuildConfiguration;
			buildSettings = {
				ASSETCATALOG_COMPILER_APPICON_NAME = AppIcon;
				CODE_SIGN_STYLE = Manual;
				DEVELOPMENT_TEAM = "";
				INFOPLIST_FILE = BeginProjectSwift3/Info.plist;
				IPHONEOS_DEPLOYMENT_TARGET = 9.0;
				LD_RUNPATH_SEARCH_PATHS = "$(inherited) @executable_path/Frameworks";
				PRODUCT_BUNDLE_IDENTIFIER = com.markran.BeginProjectSwift3;
				PRODUCT_NAME = "$(TARGET_NAME)";
				PROVISIONING_PROFILE_SPECIFIER = "";
				SWIFT_VERSION = 4.0;
				TARGETED_DEVICE_FAMILY = "1,2";
			};
			name = Release;
		};
		1F55E8191EEA75400090089E /* Debug */ = {
			isa = XCBuildConfiguration;
			buildSettings = {
				ALWAYS_EMBED_SWIFT_STANDARD_LIBRARIES = YES;
				BUNDLE_LOADER = "$(TEST_HOST)";
				"CODE_SIGN_IDENTITY[sdk=iphoneos*]" = "iPhone Developer";
				CODE_SIGN_STYLE = Automatic;
				DEVELOPMENT_TEAM = THSJPLHLD3;
				INFOPLIST_FILE = BeginProjectSwift3Tests/Info.plist;
				LD_RUNPATH_SEARCH_PATHS = "$(inherited) @executable_path/Frameworks @loader_path/Frameworks";
				PRODUCT_BUNDLE_IDENTIFIER = com.markran.BeginProjectSwift3Tests;
				PRODUCT_NAME = "$(TARGET_NAME)";
				PROVISIONING_PROFILE_SPECIFIER = "";
				SWIFT_VERSION = 4.0;
				TARGETED_DEVICE_FAMILY = "1,2";
				TEST_HOST = "$(BUILT_PRODUCTS_DIR)/BeginProjectSwift3.app/BeginProjectSwift3";
			};
			name = Debug;
		};
		1F55E81A1EEA75400090089E /* Release */ = {
			isa = XCBuildConfiguration;
			buildSettings = {
				ALWAYS_EMBED_SWIFT_STANDARD_LIBRARIES = YES;
				BUNDLE_LOADER = "$(TEST_HOST)";
				"CODE_SIGN_IDENTITY[sdk=iphoneos*]" = "iPhone Developer";
				CODE_SIGN_STYLE = Automatic;
				DEVELOPMENT_TEAM = THSJPLHLD3;
				INFOPLIST_FILE = BeginProjectSwift3Tests/Info.plist;
				LD_RUNPATH_SEARCH_PATHS = "$(inherited) @executable_path/Frameworks @loader_path/Frameworks";
				PRODUCT_BUNDLE_IDENTIFIER = com.markran.BeginProjectSwift3Tests;
				PRODUCT_NAME = "$(TARGET_NAME)";
				PROVISIONING_PROFILE_SPECIFIER = "";
				SWIFT_VERSION = 4.0;
				TARGETED_DEVICE_FAMILY = "1,2";
				TEST_HOST = "$(BUILT_PRODUCTS_DIR)/BeginProjectSwift3.app/BeginProjectSwift3";
			};
			name = Release;
		};
/* End XCBuildConfiguration section */

/* Begin XCConfigurationList section */
		1F55E7F31EEA75400090089E /* Build configuration list for PBXProject "BeginProjectSwift3" */ = {
			isa = XCConfigurationList;
			buildConfigurations = (
				1F55E8131EEA75400090089E /* Debug */,
				1F55E8141EEA75400090089E /* Release */,
			);
			defaultConfigurationIsVisible = 0;
			defaultConfigurationName = Release;
		};
		1F55E8151EEA75400090089E /* Build configuration list for PBXNativeTarget "BeginProjectSwift3" */ = {
			isa = XCConfigurationList;
			buildConfigurations = (
				1F55E8161EEA75400090089E /* Debug */,
				1F55E8171EEA75400090089E /* Release */,
			);
			defaultConfigurationIsVisible = 0;
			defaultConfigurationName = Release;
		};
		1F55E8181EEA75400090089E /* Build configuration list for PBXNativeTarget "BeginProjectSwift3Tests" */ = {
			isa = XCConfigurationList;
			buildConfigurations = (
				1F55E8191EEA75400090089E /* Debug */,
				1F55E81A1EEA75400090089E /* Release */,
			);
			defaultConfigurationIsVisible = 0;
			defaultConfigurationName = Release;
		};
/* End XCConfigurationList section */
	};
	rootObject = 1F55E7F01EEA75400090089E /* Project object */;
}
