// !$*UTF8*$!
{
	archiveVersion = 1;
	classes = {
	};
	objectVersion = 46;
	objects = {

/* Begin PBXBuildFile section */
		1FAB63121F73D92F000A3139 /* AppDelegate.swift in Sources */ = {isa = PBXBuildFile; fileRef = 1FAB63111F73D92F000A3139 /* AppDelegate.swift */; };
		1FAB63141F73D92F000A3139 /* ViewController.swift in Sources */ = {isa = PBXBuildFile; fileRef = 1FAB63131F73D92F000A3139 /* ViewController.swift */; };
		1FAB63171F73D92F000A3139 /* Main.storyboard in Resources */ = {isa = PBXBuildFile; fileRef = 1FAB63151F73D92F000A3139 /* Main.storyboard */; };
		1FAB63191F73D92F000A3139 /* Assets.xcassets in Resources */ = {isa = PBXBuildFile; fileRef = 1FAB63181F73D92F000A3139 /* Assets.xcassets */; };
		1FAB631C1F73D92F000A3139 /* LaunchScreen.storyboard in Resources */ = {isa = PBXBuildFile; fileRef = 1FAB631A1F73D92F000A3139 /* LaunchScreen.storyboard */; };
		1FAB63271F73D92F000A3139 /* DownLoadSomethingTests.swift in Sources */ = {isa = PBXBuildFile; fileRef = 1FAB63261F73D92F000A3139 /* DownLoadSomethingTests.swift */; };
		1FAB63321F73D92F000A3139 /* DownLoadSomethingUITests.swift in Sources */ = {isa = PBXBuildFile; fileRef = 1FAB63311F73D92F000A3139 /* DownLoadSomethingUITests.swift */; };
/* End PBXBuildFile section */

/* Begin PBXContainerItemProxy section */
		1FAB63231F73D92F000A3139 /* PBXContainerItemProxy */ = {
			isa = PBXContainerItemProxy;
			containerPortal = 1FAB63061F73D92E000A3139 /* Project object */;
			proxyType = 1;
			remoteGlobalIDString = 1FAB630D1F73D92E000A3139;
			remoteInfo = DownLoadSomething;
		};
		1FAB632E1F73D92F000A3139 /* PBXContainerItemProxy */ = {
			isa = PBXContainerItemProxy;
			containerPortal = 1FAB63061F73D92E000A3139 /* Project object */;
			proxyType = 1;
			remoteGlobalIDString = 1FAB630D1F73D92E000A3139;
			remoteInfo = DownLoadSomething;
		};
/* End PBXContainerItemProxy section */

/* Begin PBXFileReference section */
		1FAB630E1F73D92E000A3139 /* DownLoadSomething.app */ = {isa = PBXFileReference; explicitFileType = wrapper.application; includeInIndex = 0; path = DownLoadSomething.app; sourceTree = BUILT_PRODUCTS_DIR; };
		1FAB63111F73D92F000A3139 /* AppDelegate.swift */ = {isa = PBXFileReference; lastKnownFileType = sourcecode.swift; path = AppDelegate.swift; sourceTree = "<group>"; };
		1FAB63131F73D92F000A3139 /* ViewController.swift */ = {isa = PBXFileReference; lastKnownFileType = sourcecode.swift; path = ViewController.swift; sourceTree = "<group>"; };
		1FAB63161F73D92F000A3139 /* Base */ = {isa = PBXFileReference; lastKnownFileType = file.storyboard; name = Base; path = Base.lproj/Main.storyboard; sourceTree = "<group>"; };
		1FAB63181F73D92F000A3139 /* Assets.xcassets */ = {isa = PBXFileReference; lastKnownFileType = folder.assetcatalog; path = Assets.xcassets; sourceTree = "<group>"; };
		1FAB631B1F73D92F000A3139 /* Base */ = {isa = PBXFileReference; lastKnownFileType = file.storyboard; name = Base; path = Base.lproj/LaunchScreen.storyboard; sourceTree = "<group>"; };
		1FAB631D1F73D92F000A3139 /* Info.plist */ = {isa = PBXFileReference; lastKnownFileType = text.plist.xml; path = Info.plist; sourceTree = "<group>"; };
		1FAB63221F73D92F000A3139 /* DownLoadSomethingTests.xctest */ = {isa = PBXFileReference; explicitFileType = wrapper.cfbundle; includeInIndex = 0; path = DownLoadSomethingTests.xctest; sourceTree = BUILT_PRODUCTS_DIR; };
		1FAB63261F73D92F000A3139 /* DownLoadSomethingTests.swift */ = {isa = PBXFileReference; lastKnownFileType = sourcecode.swift; path = DownLoadSomethingTests.swift; sourceTree = "<group>"; };
		1FAB63281F73D92F000A3139 /* Info.plist */ = {isa = PBXFileReference; lastKnownFileType = text.plist.xml; path = Info.plist; sourceTree = "<group>"; };
		1FAB632D1F73D92F000A3139 /* DownLoadSomethingUITests.xctest */ = {isa = PBXFileReference; explicitFileType = wrapper.cfbundle; includeInIndex = 0; path = DownLoadSomethingUITests.xctest; sourceTree = BUILT_PRODUCTS_DIR; };
		1FAB63311F73D92F000A3139 /* DownLoadSomethingUITests.swift */ = {isa = PBXFileReference; lastKnownFileType = sourcecode.swift; path = DownLoadSomethingUITests.swift; sourceTree = "<group>"; };
		1FAB63331F73D92F000A3139 /* Info.plist */ = {isa = PBXFileReference; lastKnownFileType = text.plist.xml; path = Info.plist; sourceTree = "<group>"; };
/* End PBXFileReference section */

/* Begin PBXFrameworksBuildPhase section */
		1FAB630B1F73D92E000A3139 /* Frameworks */ = {
			isa = PBXFrameworksBuildPhase;
			buildActionMask = 2147483647;
			files = (
			);
			runOnlyForDeploymentPostprocessing = 0;
		};
		1FAB631F1F73D92F000A3139 /* Frameworks */ = {
			isa = PBXFrameworksBuildPhase;
			buildActionMask = 2147483647;
			files = (
			);
			runOnlyForDeploymentPostprocessing = 0;
		};
		1FAB632A1F73D92F000A3139 /* Frameworks */ = {
			isa = PBXFrameworksBuildPhase;
			buildActionMask = 2147483647;
			files = (
			);
			runOnlyForDeploymentPostprocessing = 0;
		};
/* End PBXFrameworksBuildPhase section */

/* Begin PBXGroup section */
		1FAB63051F73D92E000A3139 = {
			isa = PBXGroup;
			children = (
				1FAB63101F73D92E000A3139 /* DownLoadSomething */,
				1FAB63251F73D92F000A3139 /* DownLoadSomethingTests */,
				1FAB63301F73D92F000A3139 /* DownLoadSomethingUITests */,
				1FAB630F1F73D92E000A3139 /* Products */,
			);
			sourceTree = "<group>";
		};
		1FAB630F1F73D92E000A3139 /* Products */ = {
			isa = PBXGroup;
			children = (
				1FAB630E1F73D92E000A3139 /* DownLoadSomething.app */,
				1FAB63221F73D92F000A3139 /* DownLoadSomethingTests.xctest */,
				1FAB632D1F73D92F000A3139 /* DownLoadSomethingUITests.xctest */,
			);
			name = Products;
			sourceTree = "<group>";
		};
		1FAB63101F73D92E000A3139 /* DownLoadSomething */ = {
			isa = PBXGroup;
			children = (
				1FAB63111F73D92F000A3139 /* AppDelegate.swift */,
				1FAB63131F73D92F000A3139 /* ViewController.swift */,
				1FAB63151F73D92F000A3139 /* Main.storyboard */,
				1FAB63181F73D92F000A3139 /* Assets.xcassets */,
				1FAB631A1F73D92F000A3139 /* LaunchScreen.storyboard */,
				1FAB631D1F73D92F000A3139 /* Info.plist */,
			);
			path = DownLoadSomething;
			sourceTree = "<group>";
		};
		1FAB63251F73D92F000A3139 /* DownLoadSomethingTests */ = {
			isa = PBXGroup;
			children = (
				1FAB63261F73D92F000A3139 /* DownLoadSomethingTests.swift */,
				1FAB63281F73D92F000A3139 /* Info.plist */,
			);
			path = DownLoadSomethingTests;
			sourceTree = "<group>";
		};
		1FAB63301F73D92F000A3139 /* DownLoadSomethingUITests */ = {
			isa = PBXGroup;
			children = (
				1FAB63311F73D92F000A3139 /* DownLoadSomethingUITests.swift */,
				1FAB63331F73D92F000A3139 /* Info.plist */,
			);
			path = DownLoadSomethingUITests;
			sourceTree = "<group>";
		};
/* End PBXGroup section */

/* Begin PBXNativeTarget section */
		1FAB630D1F73D92E000A3139 /* DownLoadSomething */ = {
			isa = PBXNativeTarget;
			buildConfigurationList = 1FAB63361F73D92F000A3139 /* Build configuration list for PBXNativeTarget "DownLoadSomething" */;
			buildPhases = (
				1FAB630A1F73D92E000A3139 /* Sources */,
				1FAB630B1F73D92E000A3139 /* Frameworks */,
				1FAB630C1F73D92E000A3139 /* Resources */,
			);
			buildRules = (
			);
			dependencies = (
			);
			name = DownLoadSomething;
			productName = DownLoadSomething;
			productReference = 1FAB630E1F73D92E000A3139 /* DownLoadSomething.app */;
			productType = "com.apple.product-type.application";
		};
		1FAB63211F73D92F000A3139 /* DownLoadSomethingTests */ = {
			isa = PBXNativeTarget;
			buildConfigurationList = 1FAB63391F73D92F000A3139 /* Build configuration list for PBXNativeTarget "DownLoadSomethingTests" */;
			buildPhases = (
				1FAB631E1F73D92F000A3139 /* Sources */,
				1FAB631F1F73D92F000A3139 /* Frameworks */,
				1FAB63201F73D92F000A3139 /* Resources */,
			);
			buildRules = (
			);
			dependencies = (
				1FAB63241F73D92F000A3139 /* PBXTargetDependency */,
			);
			name = DownLoadSomethingTests;
			productName = DownLoadSomethingTests;
			productReference = 1FAB63221F73D92F000A3139 /* DownLoadSomethingTests.xctest */;
			productType = "com.apple.product-type.bundle.unit-test";
		};
		1FAB632C1F73D92F000A3139 /* DownLoadSomethingUITests */ = {
			isa = PBXNativeTarget;
			buildConfigurationList = 1FAB633C1F73D92F000A3139 /* Build configuration list for PBXNativeTarget "DownLoadSomethingUITests" */;
			buildPhases = (
				1FAB63291F73D92F000A3139 /* Sources */,
				1FAB632A1F73D92F000A3139 /* Frameworks */,
				1FAB632B1F73D92F000A3139 /* Resources */,
			);
			buildRules = (
			);
			dependencies = (
				1FAB632F1F73D92F000A3139 /* PBXTargetDependency */,
			);
			name = DownLoadSomethingUITests;
			productName = DownLoadSomethingUITests;
			productReference = 1FAB632D1F73D92F000A3139 /* DownLoadSomethingUITests.xctest */;
			productType = "com.apple.product-type.bundle.ui-testing";
		};
/* End PBXNativeTarget section */

/* Begin PBXProject section */
		1FAB63061F73D92E000A3139 /* Project object */ = {
			isa = PBXProject;
			attributes = {
				LastSwiftUpdateCheck = 0830;
				LastUpgradeCheck = 0830;
				ORGANIZATIONNAME = markran;
				TargetAttributes = {
					1FAB630D1F73D92E000A3139 = {
						CreatedOnToolsVersion = 8.3.3;
						DevelopmentTeam = THSJPLHLD3;
						ProvisioningStyle = Manual;
					};
					1FAB63211F73D92F000A3139 = {
						CreatedOnToolsVersion = 8.3.3;
						DevelopmentTeam = THSJPLHLD3;
						ProvisioningStyle = Automatic;
						TestTargetID = 1FAB630D1F73D92E000A3139;
					};
					1FAB632C1F73D92F000A3139 = {
						CreatedOnToolsVersion = 8.3.3;
						DevelopmentTeam = THSJPLHLD3;
						ProvisioningStyle = Automatic;
						TestTargetID = 1FAB630D1F73D92E000A3139;
					};
				};
			};
			buildConfigurationList = 1FAB63091F73D92E000A3139 /* Build configuration list for PBXProject "DownLoadSomething" */;
			compatibilityVersion = "Xcode 3.2";
			developmentRegion = English;
			hasScannedForEncodings = 0;
			knownRegions = (
				en,
				Base,
			);
			mainGroup = 1FAB63051F73D92E000A3139;
			productRefGroup = 1FAB630F1F73D92E000A3139 /* Products */;
			projectDirPath = "";
			projectRoot = "";
			targets = (
				1FAB630D1F73D92E000A3139 /* DownLoadSomething */,
				1FAB63211F73D92F000A3139 /* DownLoadSomethingTests */,
				1FAB632C1F73D92F000A3139 /* DownLoadSomethingUITests */,
			);
		};
/* End PBXProject section */

/* Begin PBXResourcesBuildPhase section */
		1FAB630C1F73D92E000A3139 /* Resources */ = {
			isa = PBXResourcesBuildPhase;
			buildActionMask = 2147483647;
			files = (
				1FAB631C1F73D92F000A3139 /* LaunchScreen.storyboard in Resources */,
				1FAB63191F73D92F000A3139 /* Assets.xcassets in Resources */,
				1FAB63171F73D92F000A3139 /* Main.storyboard in Resources */,
			);
			runOnlyForDeploymentPostprocessing = 0;
		};
		1FAB63201F73D92F000A3139 /* Resources */ = {
			isa = PBXResourcesBuildPhase;
			buildActionMask = 2147483647;
			files = (
			);
			runOnlyForDeploymentPostprocessing = 0;
		};
		1FAB632B1F73D92F000A3139 /* Resources */ = {
			isa = PBXResourcesBuildPhase;
			buildActionMask = 2147483647;
			files = (
			);
			runOnlyForDeploymentPostprocessing = 0;
		};
/* End PBXResourcesBuildPhase section */

/* Begin PBXSourcesBuildPhase section */
		1FAB630A1F73D92E000A3139 /* Sources */ = {
			isa = PBXSourcesBuildPhase;
			buildActionMask = 2147483647;
			files = (
				1FAB63141F73D92F000A3139 /* ViewController.swift in Sources */,
				1FAB63121F73D92F000A3139 /* AppDelegate.swift in Sources */,
			);
			runOnlyForDeploymentPostprocessing = 0;
		};
		1FAB631E1F73D92F000A3139 /* Sources */ = {
			isa = PBXSourcesBuildPhase;
			buildActionMask = 2147483647;
			files = (
				1FAB63271F73D92F000A3139 /* DownLoadSomethingTests.swift in Sources */,
			);
			runOnlyForDeploymentPostprocessing = 0;
		};
		1FAB63291F73D92F000A3139 /* Sources */ = {
			isa = PBXSourcesBuildPhase;
			buildActionMask = 2147483647;
			files = (
				1FAB63321F73D92F000A3139 /* DownLoadSomethingUITests.swift in Sources */,
			);
			runOnlyForDeploymentPostprocessing = 0;
		};
/* End PBXSourcesBuildPhase section */

/* Begin PBXTargetDependency section */
		1FAB63241F73D92F000A3139 /* PBXTargetDependency */ = {
			isa = PBXTargetDependency;
			target = 1FAB630D1F73D92E000A3139 /* DownLoadSomething */;
			targetProxy = 1FAB63231F73D92F000A3139 /* PBXContainerItemProxy */;
		};
		1FAB632F1F73D92F000A3139 /* PBXTargetDependency */ = {
			isa = PBXTargetDependency;
			target = 1FAB630D1F73D92E000A3139 /* DownLoadSomething */;
			targetProxy = 1FAB632E1F73D92F000A3139 /* PBXContainerItemProxy */;
		};
/* End PBXTargetDependency section */

/* Begin PBXVariantGroup section */
		1FAB63151F73D92F000A3139 /* Main.storyboard */ = {
			isa = PBXVariantGroup;
			children = (
				1FAB63161F73D92F000A3139 /* Base */,
			);
			name = Main.storyboard;
			sourceTree = "<group>";
		};
		1FAB631A1F73D92F000A3139 /* LaunchScreen.storyboard */ = {
			isa = PBXVariantGroup;
			children = (
				1FAB631B1F73D92F000A3139 /* Base */,
			);
			name = LaunchScreen.storyboard;
			sourceTree = "<group>";
		};
/* End PBXVariantGroup section */

/* Begin XCBuildConfiguration section */
		1FAB63341F73D92F000A3139 /* Debug */ = {
			isa = XCBuildConfiguration;
			buildSettings = {
				ALWAYS_SEARCH_USER_PATHS = NO;
				CLANG_ANALYZER_NONNULL = YES;
				CLANG_ANALYZER_NUMBER_OBJECT_CONVERSION = YES_AGGRESSIVE;
				CLANG_CXX_LANGUAGE_STANDARD = "gnu++0x";
				CLANG_CXX_LIBRARY = "libc++";
				CLANG_ENABLE_MODULES = YES;
				CLANG_ENABLE_OBJC_ARC = YES;
				CLANG_WARN_BOOL_CONVERSION = YES;
				CLANG_WARN_CONSTANT_CONVERSION = YES;
				CLANG_WARN_DIRECT_OBJC_ISA_USAGE = YES_ERROR;
				CLANG_WARN_DOCUMENTATION_COMMENTS = YES;
				CLANG_WARN_EMPTY_BODY = YES;
				CLANG_WARN_ENUM_CONVERSION = YES;
				CLANG_WARN_INFINITE_RECURSION = YES;
				CLANG_WARN_INT_CONVERSION = YES;
				CLANG_WARN_OBJC_ROOT_CLASS = YES_ERROR;
				CLANG_WARN_SUSPICIOUS_MOVE = YES;
				CLANG_WARN_UNREACHABLE_CODE = YES;
				CLANG_WARN__DUPLICATE_METHOD_MATCH = YES;
				"CODE_SIGN_IDENTITY[sdk=iphoneos*]" = "iPhone Developer";
				COPY_PHASE_STRIP = NO;
				DEBUG_INFORMATION_FORMAT = dwarf;
				ENABLE_STRICT_OBJC_MSGSEND = YES;
				ENABLE_TESTABILITY = YES;
				GCC_C_LANGUAGE_STANDARD = gnu99;
				GCC_DYNAMIC_NO_PIC = NO;
				GCC_NO_COMMON_BLOCKS = YES;
				GCC_OPTIMIZATION_LEVEL = 0;
				GCC_PREPROCESSOR_DEFINITIONS = (
					"DEBUG=1",
					"$(inherited)",
				);
				GCC_WARN_64_TO_32_BIT_CONVERSION = YES;
				GCC_WARN_ABOUT_RETURN_TYPE = YES_ERROR;
				GCC_WARN_UNDECLARED_SELECTOR = YES;
				GCC_WARN_UNINITIALIZED_AUTOS = YES_AGGRESSIVE;
				GCC_WARN_UNUSED_FUNCTION = YES;
				GCC_WARN_UNUSED_VARIABLE = YES;
				IPHONEOS_DEPLOYMENT_TARGET = 10.3;
				MTL_ENABLE_DEBUG_INFO = YES;
				ONLY_ACTIVE_ARCH = YES;
				SDKROOT = iphoneos;
				SWIFT_ACTIVE_COMPILATION_CONDITIONS = DEBUG;
				SWIFT_OPTIMIZATION_LEVEL = "-Onone";
			};
			name = Debug;
		};
		1FAB63351F73D92F000A3139 /* Release */ = {
			isa = XCBuildConfiguration;
			buildSettings = {
				ALWAYS_SEARCH_USER_PATHS = NO;
				CLANG_ANALYZER_NONNULL = YES;
				CLANG_ANALYZER_NUMBER_OBJECT_CONVERSION = YES_AGGRESSIVE;
				CLANG_CXX_LANGUAGE_STANDARD = "gnu++0x";
				CLANG_CXX_LIBRARY = "libc++";
				CLANG_ENABLE_MODULES = YES;
				CLANG_ENABLE_OBJC_ARC = YES;
				CLANG_WARN_BOOL_CONVERSION = YES;
				CLANG_WARN_CONSTANT_CONVERSION = YES;
				CLANG_WARN_DIRECT_OBJC_ISA_USAGE = YES_ERROR;
				CLANG_WARN_DOCUMENTATION_COMMENTS = YES;
				CLANG_WARN_EMPTY_BODY = YES;
				CLANG_WARN_ENUM_CONVERSION = YES;
				CLANG_WARN_INFINITE_RECURSION = YES;
				CLANG_WARN_INT_CONVERSION = YES;
				CLANG_WARN_OBJC_ROOT_CLASS = YES_ERROR;
				CLANG_WARN_SUSPICIOUS_MOVE = YES;
				CLANG_WARN_UNREACHABLE_CODE = YES;
				CLANG_WARN__DUPLICATE_METHOD_MATCH = YES;
				"CODE_SIGN_IDENTITY[sdk=iphoneos*]" = "iPhone Developer";
				COPY_PHASE_STRIP = NO;
				DEBUG_INFORMATION_FORMAT = "dwarf-with-dsym";
				ENABLE_NS_ASSERTIONS = NO;
				ENABLE_STRICT_OBJC_MSGSEND = YES;
				GCC_C_LANGUAGE_STANDARD = gnu99;
				GCC_NO_COMMON_BLOCKS = YES;
				GCC_WARN_64_TO_32_BIT_CONVERSION = YES;
				GCC_WARN_ABOUT_RETURN_TYPE = YES_ERROR;
				GCC_WARN_UNDECLARED_SELECTOR = YES;
				GCC_WARN_UNINITIALIZED_AUTOS = YES_AGGRESSIVE;
				GCC_WARN_UNUSED_FUNCTION = YES;
				GCC_WARN_UNUSED_VARIABLE = YES;
				IPHONEOS_DEPLOYMENT_TARGET = 10.3;
				MTL_ENABLE_DEBUG_INFO = NO;
				SDKROOT = iphoneos;
				SWIFT_OPTIMIZATION_LEVEL = "-Owholemodule";
				VALIDATE_PRODUCT = YES;
			};
			name = Release;
		};
		1FAB63371F73D92F000A3139 /* Debug */ = {
			isa = XCBuildConfiguration;
			buildSettings = {
				ASSETCATALOG_COMPILER_APPICON_NAME = AppIcon;
				DEVELOPMENT_TEAM = THSJPLHLD3;
				INFOPLIST_FILE = DownLoadSomething/Info.plist;
				IPHONEOS_DEPLOYMENT_TARGET = 9.0;
				LD_RUNPATH_SEARCH_PATHS = "$(inherited) @executable_path/Frameworks";
				PRODUCT_BUNDLE_IDENTIFIER = com.hehe.DownLoadSomething;
				PRODUCT_NAME = "$(TARGET_NAME)";
				PROVISIONING_PROFILE = "1ab54d8c-ab8a-4a30-b4cd-10f68f8b86d8";
				PROVISIONING_PROFILE_SPECIFIER = xc;
				SWIFT_VERSION = 3.0;
			};
			name = Debug;
		};
		1FAB63381F73D92F000A3139 /* Release */ = {
			isa = XCBuildConfiguration;
			buildSettings = {
				ASSETCATALOG_COMPILER_APPICON_NAME = AppIcon;
				DEVELOPMENT_TEAM = "";
				INFOPLIST_FILE = DownLoadSomething/Info.plist;
				IPHONEOS_DEPLOYMENT_TARGET = 9.0;
				LD_RUNPATH_SEARCH_PATHS = "$(inherited) @executable_path/Frameworks";
				PRODUCT_BUNDLE_IDENTIFIER = com.hehe.DownLoadSomething;
				PRODUCT_NAME = "$(TARGET_NAME)";
				PROVISIONING_PROFILE_SPECIFIER = "";
				SWIFT_VERSION = 3.0;
			};
			name = Release;
		};
		1FAB633A1F73D92F000A3139 /* Debug */ = {
			isa = XCBuildConfiguration;
			buildSettings = {
				ALWAYS_EMBED_SWIFT_STANDARD_LIBRARIES = YES;
				BUNDLE_LOADER = "$(TEST_HOST)";
				DEVELOPMENT_TEAM = THSJPLHLD3;
				INFOPLIST_FILE = DownLoadSomethingTests/Info.plist;
				LD_RUNPATH_SEARCH_PATHS = "$(inherited) @executable_path/Frameworks @loader_path/Frameworks";
				PRODUCT_BUNDLE_IDENTIFIER = com.hehe.DownLoadSomethingTests;
				PRODUCT_NAME = "$(TARGET_NAME)";
				SWIFT_VERSION = 3.0;
				TEST_HOST = "$(BUILT_PRODUCTS_DIR)/DownLoadSomething.app/DownLoadSomething";
			};
			name = Debug;
		};
		1FAB633B1F73D92F000A3139 /* Release */ = {
			isa = XCBuildConfiguration;
			buildSettings = {
				ALWAYS_EMBED_SWIFT_STANDARD_LIBRARIES = YES;
				BUNDLE_LOADER = "$(TEST_HOST)";
				DEVELOPMENT_TEAM = THSJPLHLD3;
				INFOPLIST_FILE = DownLoadSomethingTests/Info.plist;
				LD_RUNPATH_SEARCH_PATHS = "$(inherited) @executable_path/Frameworks @loader_path/Frameworks";
				PRODUCT_BUNDLE_IDENTIFIER = com.hehe.DownLoadSomethingTests;
				PRODUCT_NAME = "$(TARGET_NAME)";
				SWIFT_VERSION = 3.0;
				TEST_HOST = "$(BUILT_PRODUCTS_DIR)/DownLoadSomething.app/DownLoadSomething";
			};
			name = Release;
		};
		1FAB633D1F73D92F000A3139 /* Debug */ = {
			isa = XCBuildConfiguration;
			buildSettings = {
				ALWAYS_EMBED_SWIFT_STANDARD_LIBRARIES = YES;
				DEVELOPMENT_TEAM = THSJPLHLD3;
				INFOPLIST_FILE = DownLoadSomethingUITests/Info.plist;
				LD_RUNPATH_SEARCH_PATHS = "$(inherited) @executable_path/Frameworks @loader_path/Frameworks";
				PRODUCT_BUNDLE_IDENTIFIER = com.hehe.DownLoadSomethingUITests;
				PRODUCT_NAME = "$(TARGET_NAME)";
				SWIFT_VERSION = 3.0;
				TEST_TARGET_NAME = DownLoadSomething;
			};
			name = Debug;
		};
		1FAB633E1F73D92F000A3139 /* Release */ = {
			isa = XCBuildConfiguration;
			buildSettings = {
				ALWAYS_EMBED_SWIFT_STANDARD_LIBRARIES = YES;
				DEVELOPMENT_TEAM = THSJPLHLD3;
				INFOPLIST_FILE = DownLoadSomethingUITests/Info.plist;
				LD_RUNPATH_SEARCH_PATHS = "$(inherited) @executable_path/Frameworks @loader_path/Frameworks";
				PRODUCT_BUNDLE_IDENTIFIER = com.hehe.DownLoadSomethingUITests;
				PRODUCT_NAME = "$(TARGET_NAME)";
				SWIFT_VERSION = 3.0;
				TEST_TARGET_NAME = DownLoadSomething;
			};
			name = Release;
		};
/* End XCBuildConfiguration section */

/* Begin XCConfigurationList section */
		1FAB63091F73D92E000A3139 /* Build configuration list for PBXProject "DownLoadSomething" */ = {
			isa = XCConfigurationList;
			buildConfigurations = (
				1FAB63341F73D92F000A3139 /* Debug */,
				1FAB63351F73D92F000A3139 /* Release */,
			);
			defaultConfigurationIsVisible = 0;
			defaultConfigurationName = Release;
		};
		1FAB63361F73D92F000A3139 /* Build configuration list for PBXNativeTarget "DownLoadSomething" */ = {
			isa = XCConfigurationList;
			buildConfigurations = (
				1FAB63371F73D92F000A3139 /* Debug */,
				1FAB63381F73D92F000A3139 /* Release */,
			);
			defaultConfigurationIsVisible = 0;
		};
		1FAB63391F73D92F000A3139 /* Build configuration list for PBXNativeTarget "DownLoadSomethingTests" */ = {
			isa = XCConfigurationList;
			buildConfigurations = (
				1FAB633A1F73D92F000A3139 /* Debug */,
				1FAB633B1F73D92F000A3139 /* Release */,
			);
			defaultConfigurationIsVisible = 0;
		};
		1FAB633C1F73D92F000A3139 /* Build configuration list for PBXNativeTarget "DownLoadSomethingUITests" */ = {
			isa = XCConfigurationList;
			buildConfigurations = (
				1FAB633D1F73D92F000A3139 /* Debug */,
				1FAB633E1F73D92F000A3139 /* Release */,
			);
			defaultConfigurationIsVisible = 0;
		};
/* End XCConfigurationList section */
	};
	rootObject = 1FAB63061F73D92E000A3139 /* Project object */;
}
